
Microsoft Visual Studio Solution File, Format Version 12.00
Project("{FAE04EC0-301F-11D3-BF4B-00C04F79EFBC}") = "WebApplication", "WebApplication\WebApplication.csproj", "{8005F470-FA83-4191-85D1-829B39F11752}"
EndProject
Global
	GlobalSection(SolutionConfigurationPlatforms) = preSolution
		Debug|Any CPU = Debug|Any CPU
		Release|Any CPU = Release|Any CPU
	EndGlobalSection
	GlobalSection(ProjectConfigurationPlatforms) = postSolution
		{8005F470-FA83-4191-85D1-829B39F11752}.Debug|Any CPU.ActiveCfg = Debug|Any CPU
		{8005F470-FA83-4191-85D1-829B39F11752}.Debug|Any CPU.Build.0 = Debug|Any CPU
		{8005F470-FA83-4191-85D1-829B39F11752}.Release|Any CPU.ActiveCfg = Release|Any CPU
		{8005F470-FA83-4191-85D1-829B39F11752}.Release|Any CPU.Build.0 = Release|Any CPU
	EndGlobalSection
EndGlobal
